// !$*UTF8*$!
{
	archiveVersion = 1;
	classes = {
	};
	objectVersion = 55;
	objects = {

/* Begin PBXBuildFile section */
		384F81392782987800E289D2 /* RazzDugiView.swift in Sources */ = {isa = PBXBuildFile; fileRef = 384F81382782987800E289D2 /* RazzDugiView.swift */; };
		384F813B27829AEE00E289D2 /* RazzDugiModel.swift in Sources */ = {isa = PBXBuildFile; fileRef = 384F813A27829AEE00E289D2 /* RazzDugiModel.swift */; };
		384F813D278562D900E289D2 /* CardJudge.swift in Sources */ = {isa = PBXBuildFile; fileRef = 384F813C278562D900E289D2 /* CardJudge.swift */; };
		384F813F2785662600E289D2 /* StudTypeModel.swift in Sources */ = {isa = PBXBuildFile; fileRef = 384F813E2785662600E289D2 /* StudTypeModel.swift */; };
		3860936F277B477C006AA20A /* mix_odds_calculatorApp.swift in Sources */ = {isa = PBXBuildFile; fileRef = 3860936E277B477C006AA20A /* mix_odds_calculatorApp.swift */; };
		38609371277B477C006AA20A /* ContentView.swift in Sources */ = {isa = PBXBuildFile; fileRef = 38609370277B477C006AA20A /* ContentView.swift */; };
		38609373277B477C006AA20A /* Assets.xcassets in Resources */ = {isa = PBXBuildFile; fileRef = 38609372277B477C006AA20A /* Assets.xcassets */; };
		38609376277B477C006AA20A /* Preview Assets.xcassets in Resources */ = {isa = PBXBuildFile; fileRef = 38609375277B477C006AA20A /* Preview Assets.xcassets */; };
		38609380277B477D006AA20A /* mix_odds_calculatorTests.swift in Sources */ = {isa = PBXBuildFile; fileRef = 3860937F277B477D006AA20A /* mix_odds_calculatorTests.swift */; };
		3860938A277B477D006AA20A /* mix_odds_calculatorUITests.swift in Sources */ = {isa = PBXBuildFile; fileRef = 38609389277B477D006AA20A /* mix_odds_calculatorUITests.swift */; };
		3860938C277B477D006AA20A /* mix_odds_calculatorUITestsLaunchTests.swift in Sources */ = {isa = PBXBuildFile; fileRef = 3860938B277B477D006AA20A /* mix_odds_calculatorUITestsLaunchTests.swift */; };
		38609399277B4B22006AA20A /* DeuceSevenRazzView.swift in Sources */ = {isa = PBXBuildFile; fileRef = 38609398277B4B22006AA20A /* DeuceSevenRazzView.swift */; };
		3860939B277B5995006AA20A /* DeuceSevenRazzModel.swift in Sources */ = {isa = PBXBuildFile; fileRef = 3860939A277B5995006AA20A /* DeuceSevenRazzModel.swift */; };
		3860939D277C49C4006AA20A /* DeuceSevenRazzTest.swift in Sources */ = {isa = PBXBuildFile; fileRef = 3860939C277C49C4006AA20A /* DeuceSevenRazzTest.swift */; };
		386093A1277C5381006AA20A /* PlayingCard.swift in Sources */ = {isa = PBXBuildFile; fileRef = 386093A0277C5381006AA20A /* PlayingCard.swift */; };
		386093A4277DE34F006AA20A /* Algorithms in Frameworks */ = {isa = PBXBuildFile; productRef = 386093A3277DE34F006AA20A /* Algorithms */; };
/* End PBXBuildFile section */

/* Begin PBXContainerItemProxy section */
		3860937C277B477C006AA20A /* PBXContainerItemProxy */ = {
			isa = PBXContainerItemProxy;
			containerPortal = 38609363277B477C006AA20A /* Project object */;
			proxyType = 1;
			remoteGlobalIDString = 3860936A277B477C006AA20A;
			remoteInfo = "mix-odds-calculator";
		};
		38609386277B477D006AA20A /* PBXContainerItemProxy */ = {
			isa = PBXContainerItemProxy;
			containerPortal = 38609363277B477C006AA20A /* Project object */;
			proxyType = 1;
			remoteGlobalIDString = 3860936A277B477C006AA20A;
			remoteInfo = "mix-odds-calculator";
		};
/* End PBXContainerItemProxy section */

/* Begin PBXFileReference section */
		384F81382782987800E289D2 /* RazzDugiView.swift */ = {isa = PBXFileReference; lastKnownFileType = sourcecode.swift; path = RazzDugiView.swift; sourceTree = "<group>"; };
		384F813A27829AEE00E289D2 /* RazzDugiModel.swift */ = {isa = PBXFileReference; lastKnownFileType = sourcecode.swift; path = RazzDugiModel.swift; sourceTree = "<group>"; };
		384F813C278562D900E289D2 /* CardJudge.swift */ = {isa = PBXFileReference; lastKnownFileType = sourcecode.swift; path = CardJudge.swift; sourceTree = "<group>"; };
		384F813E2785662600E289D2 /* StudTypeModel.swift */ = {isa = PBXFileReference; lastKnownFileType = sourcecode.swift; path = StudTypeModel.swift; sourceTree = "<group>"; };
		3860936B277B477C006AA20A /* mix-odds-calculator.app */ = {isa = PBXFileReference; explicitFileType = wrapper.application; includeInIndex = 0; path = "mix-odds-calculator.app"; sourceTree = BUILT_PRODUCTS_DIR; };
		3860936E277B477C006AA20A /* mix_odds_calculatorApp.swift */ = {isa = PBXFileReference; lastKnownFileType = sourcecode.swift; path = mix_odds_calculatorApp.swift; sourceTree = "<group>"; };
		38609370277B477C006AA20A /* ContentView.swift */ = {isa = PBXFileReference; lastKnownFileType = sourcecode.swift; path = ContentView.swift; sourceTree = "<group>"; };
		38609372277B477C006AA20A /* Assets.xcassets */ = {isa = PBXFileReference; lastKnownFileType = folder.assetcatalog; path = Assets.xcassets; sourceTree = "<group>"; };
		38609375277B477C006AA20A /* Preview Assets.xcassets */ = {isa = PBXFileReference; lastKnownFileType = folder.assetcatalog; path = "Preview Assets.xcassets"; sourceTree = "<group>"; };
		3860937B277B477C006AA20A /* mix-odds-calculatorTests.xctest */ = {isa = PBXFileReference; explicitFileType = wrapper.cfbundle; includeInIndex = 0; path = "mix-odds-calculatorTests.xctest"; sourceTree = BUILT_PRODUCTS_DIR; };
		3860937F277B477D006AA20A /* mix_odds_calculatorTests.swift */ = {isa = PBXFileReference; lastKnownFileType = sourcecode.swift; path = mix_odds_calculatorTests.swift; sourceTree = "<group>"; };
		38609385277B477D006AA20A /* mix-odds-calculatorUITests.xctest */ = {isa = PBXFileReference; explicitFileType = wrapper.cfbundle; includeInIndex = 0; path = "mix-odds-calculatorUITests.xctest"; sourceTree = BUILT_PRODUCTS_DIR; };
		38609389277B477D006AA20A /* mix_odds_calculatorUITests.swift */ = {isa = PBXFileReference; lastKnownFileType = sourcecode.swift; path = mix_odds_calculatorUITests.swift; sourceTree = "<group>"; };
		3860938B277B477D006AA20A /* mix_odds_calculatorUITestsLaunchTests.swift */ = {isa = PBXFileReference; lastKnownFileType = sourcecode.swift; path = mix_odds_calculatorUITestsLaunchTests.swift; sourceTree = "<group>"; };
		38609398277B4B22006AA20A /* DeuceSevenRazzView.swift */ = {isa = PBXFileReference; lastKnownFileType = sourcecode.swift; path = DeuceSevenRazzView.swift; sourceTree = "<group>"; };
		3860939A277B5995006AA20A /* DeuceSevenRazzModel.swift */ = {isa = PBXFileReference; lastKnownFileType = sourcecode.swift; path = DeuceSevenRazzModel.swift; sourceTree = "<group>"; };
		3860939C277C49C4006AA20A /* DeuceSevenRazzTest.swift */ = {isa = PBXFileReference; lastKnownFileType = sourcecode.swift; path = DeuceSevenRazzTest.swift; sourceTree = "<group>"; };
		3860939F277C511D006AA20A /* test.playground */ = {isa = PBXFileReference; lastKnownFileType = file.playground; path = test.playground; sourceTree = "<group>"; xcLanguageSpecificationIdentifier = xcode.lang.swift; };
		386093A0277C5381006AA20A /* PlayingCard.swift */ = {isa = PBXFileReference; lastKnownFileType = sourcecode.swift; path = PlayingCard.swift; sourceTree = "<group>"; };
/* End PBXFileReference section */

/* Begin PBXFrameworksBuildPhase section */
		38609368277B477C006AA20A /* Frameworks */ = {
			isa = PBXFrameworksBuildPhase;
			buildActionMask = 2147483647;
			files = (
				386093A4277DE34F006AA20A /* Algorithms in Frameworks */,
			);
			runOnlyForDeploymentPostprocessing = 0;
		};
		38609378277B477C006AA20A /* Frameworks */ = {
			isa = PBXFrameworksBuildPhase;
			buildActionMask = 2147483647;
			files = (
			);
			runOnlyForDeploymentPostprocessing = 0;
		};
		38609382277B477D006AA20A /* Frameworks */ = {
			isa = PBXFrameworksBuildPhase;
			buildActionMask = 2147483647;
			files = (
			);
			runOnlyForDeploymentPostprocessing = 0;
		};
/* End PBXFrameworksBuildPhase section */

/* Begin PBXGroup section */
		38609362277B477C006AA20A = {
			isa = PBXGroup;
			children = (
				3860936D277B477C006AA20A /* mix-odds-calculator */,
				3860937E277B477C006AA20A /* mix-odds-calculatorTests */,
				38609388277B477D006AA20A /* mix-odds-calculatorUITests */,
				3860936C277B477C006AA20A /* Products */,
			);
			sourceTree = "<group>";
		};
		3860936C277B477C006AA20A /* Products */ = {
			isa = PBXGroup;
			children = (
				3860936B277B477C006AA20A /* mix-odds-calculator.app */,
				3860937B277B477C006AA20A /* mix-odds-calculatorTests.xctest */,
				38609385277B477D006AA20A /* mix-odds-calculatorUITests.xctest */,
			);
			name = Products;
			sourceTree = "<group>";
		};
		3860936D277B477C006AA20A /* mix-odds-calculator */ = {
			isa = PBXGroup;
			children = (
				3860936E277B477C006AA20A /* mix_odds_calculatorApp.swift */,
				38609370277B477C006AA20A /* ContentView.swift */,
				38609372277B477C006AA20A /* Assets.xcassets */,
				38609374277B477C006AA20A /* Preview Content */,
				38609398277B4B22006AA20A /* DeuceSevenRazzView.swift */,
				3860939A277B5995006AA20A /* DeuceSevenRazzModel.swift */,
				3860939F277C511D006AA20A /* test.playground */,
				386093A0277C5381006AA20A /* PlayingCard.swift */,
				384F81382782987800E289D2 /* RazzDugiView.swift */,
				384F813A27829AEE00E289D2 /* RazzDugiModel.swift */,
				384F813C278562D900E289D2 /* CardJudge.swift */,
				384F813E2785662600E289D2 /* StudTypeModel.swift */,
			);
			path = "mix-odds-calculator";
			sourceTree = "<group>";
		};
		38609374277B477C006AA20A /* Preview Content */ = {
			isa = PBXGroup;
			children = (
				38609375277B477C006AA20A /* Preview Assets.xcassets */,
			);
			path = "Preview Content";
			sourceTree = "<group>";
		};
		3860937E277B477C006AA20A /* mix-odds-calculatorTests */ = {
			isa = PBXGroup;
			children = (
				3860937F277B477D006AA20A /* mix_odds_calculatorTests.swift */,
				3860939C277C49C4006AA20A /* DeuceSevenRazzTest.swift */,
			);
			path = "mix-odds-calculatorTests";
			sourceTree = "<group>";
		};
		38609388277B477D006AA20A /* mix-odds-calculatorUITests */ = {
			isa = PBXGroup;
			children = (
				38609389277B477D006AA20A /* mix_odds_calculatorUITests.swift */,
				3860938B277B477D006AA20A /* mix_odds_calculatorUITestsLaunchTests.swift */,
			);
			path = "mix-odds-calculatorUITests";
			sourceTree = "<group>";
		};
/* End PBXGroup section */

/* Begin PBXNativeTarget section */
		3860936A277B477C006AA20A /* mix-odds-calculator */ = {
			isa = PBXNativeTarget;
			buildConfigurationList = 3860938F277B477D006AA20A /* Build configuration list for PBXNativeTarget "mix-odds-calculator" */;
			buildPhases = (
				38609367277B477C006AA20A /* Sources */,
				38609368277B477C006AA20A /* Frameworks */,
				38609369277B477C006AA20A /* Resources */,
			);
			buildRules = (
			);
			dependencies = (
			);
			name = "mix-odds-calculator";
			packageProductDependencies = (
				386093A3277DE34F006AA20A /* Algorithms */,
			);
			productName = "mix-odds-calculator";
			productReference = 3860936B277B477C006AA20A /* mix-odds-calculator.app */;
			productType = "com.apple.product-type.application";
		};
		3860937A277B477C006AA20A /* mix-odds-calculatorTests */ = {
			isa = PBXNativeTarget;
			buildConfigurationList = 38609392277B477D006AA20A /* Build configuration list for PBXNativeTarget "mix-odds-calculatorTests" */;
			buildPhases = (
				38609377277B477C006AA20A /* Sources */,
				38609378277B477C006AA20A /* Frameworks */,
				38609379277B477C006AA20A /* Resources */,
			);
			buildRules = (
			);
			dependencies = (
				3860937D277B477C006AA20A /* PBXTargetDependency */,
			);
			name = "mix-odds-calculatorTests";
			productName = "mix-odds-calculatorTests";
			productReference = 3860937B277B477C006AA20A /* mix-odds-calculatorTests.xctest */;
			productType = "com.apple.product-type.bundle.unit-test";
		};
		38609384277B477D006AA20A /* mix-odds-calculatorUITests */ = {
			isa = PBXNativeTarget;
			buildConfigurationList = 38609395277B477D006AA20A /* Build configuration list for PBXNativeTarget "mix-odds-calculatorUITests" */;
			buildPhases = (
				38609381277B477D006AA20A /* Sources */,
				38609382277B477D006AA20A /* Frameworks */,
				38609383277B477D006AA20A /* Resources */,
			);
			buildRules = (
			);
			dependencies = (
				38609387277B477D006AA20A /* PBXTargetDependency */,
			);
			name = "mix-odds-calculatorUITests";
			productName = "mix-odds-calculatorUITests";
			productReference = 38609385277B477D006AA20A /* mix-odds-calculatorUITests.xctest */;
			productType = "com.apple.product-type.bundle.ui-testing";
		};
/* End PBXNativeTarget section */

/* Begin PBXProject section */
		38609363277B477C006AA20A /* Project object */ = {
			isa = PBXProject;
			attributes = {
				BuildIndependentTargetsInParallel = 1;
				LastSwiftUpdateCheck = 1310;
				LastUpgradeCheck = 1310;
				TargetAttributes = {
					3860936A277B477C006AA20A = {
						CreatedOnToolsVersion = 13.1;
					};
					3860937A277B477C006AA20A = {
						CreatedOnToolsVersion = 13.1;
						TestTargetID = 3860936A277B477C006AA20A;
					};
					38609384277B477D006AA20A = {
						CreatedOnToolsVersion = 13.1;
						TestTargetID = 3860936A277B477C006AA20A;
					};
				};
			};
			buildConfigurationList = 38609366277B477C006AA20A /* Build configuration list for PBXProject "mix-odds-calculator" */;
			compatibilityVersion = "Xcode 13.0";
			developmentRegion = en;
			hasScannedForEncodings = 0;
			knownRegions = (
				en,
				Base,
			);
			mainGroup = 38609362277B477C006AA20A;
			packageReferences = (
				386093A2277DE34F006AA20A /* XCRemoteSwiftPackageReference "swift-algorithms" */,
			);
			productRefGroup = 3860936C277B477C006AA20A /* Products */;
			projectDirPath = "";
			projectRoot = "";
			targets = (
				3860936A277B477C006AA20A /* mix-odds-calculator */,
				3860937A277B477C006AA20A /* mix-odds-calculatorTests */,
				38609384277B477D006AA20A /* mix-odds-calculatorUITests */,
			);
		};
/* End PBXProject section */

/* Begin PBXResourcesBuildPhase section */
		38609369277B477C006AA20A /* Resources */ = {
			isa = PBXResourcesBuildPhase;
			buildActionMask = 2147483647;
			files = (
				38609376277B477C006AA20A /* Preview Assets.xcassets in Resources */,
				38609373277B477C006AA20A /* Assets.xcassets in Resources */,
			);
			runOnlyForDeploymentPostprocessing = 0;
		};
		38609379277B477C006AA20A /* Resources */ = {
			isa = PBXResourcesBuildPhase;
			buildActionMask = 2147483647;
			files = (
			);
			runOnlyForDeploymentPostprocessing = 0;
		};
		38609383277B477D006AA20A /* Resources */ = {
			isa = PBXResourcesBuildPhase;
			buildActionMask = 2147483647;
			files = (
			);
			runOnlyForDeploymentPostprocessing = 0;
		};
/* End PBXResourcesBuildPhase section */

/* Begin PBXSourcesBuildPhase section */
		38609367277B477C006AA20A /* Sources */ = {
			isa = PBXSourcesBuildPhase;
			buildActionMask = 2147483647;
			files = (
				386093A1277C5381006AA20A /* PlayingCard.swift in Sources */,
				38609399277B4B22006AA20A /* DeuceSevenRazzView.swift in Sources */,
				38609371277B477C006AA20A /* ContentView.swift in Sources */,
				384F813F2785662600E289D2 /* StudTypeModel.swift in Sources */,
				384F813D278562D900E289D2 /* CardJudge.swift in Sources */,
				3860936F277B477C006AA20A /* mix_odds_calculatorApp.swift in Sources */,
				384F81392782987800E289D2 /* RazzDugiView.swift in Sources */,
				384F813B27829AEE00E289D2 /* RazzDugiModel.swift in Sources */,
				3860939B277B5995006AA20A /* DeuceSevenRazzModel.swift in Sources */,
			);
			runOnlyForDeploymentPostprocessing = 0;
		};
		38609377277B477C006AA20A /* Sources */ = {
			isa = PBXSourcesBuildPhase;
			buildActionMask = 2147483647;
			files = (
				38609380277B477D006AA20A /* mix_odds_calculatorTests.swift in Sources */,
				3860939D277C49C4006AA20A /* DeuceSevenRazzTest.swift in Sources */,
			);
			runOnlyForDeploymentPostprocessing = 0;
		};
		38609381277B477D006AA20A /* Sources */ = {
			isa = PBXSourcesBuildPhase;
			buildActionMask = 2147483647;
			files = (
				3860938A277B477D006AA20A /* mix_odds_calculatorUITests.swift in Sources */,
				3860938C277B477D006AA20A /* mix_odds_calculatorUITestsLaunchTests.swift in Sources */,
			);
			runOnlyForDeploymentPostprocessing = 0;
		};
/* End PBXSourcesBuildPhase section */

/* Begin PBXTargetDependency section */
		3860937D277B477C006AA20A /* PBXTargetDependency */ = {
			isa = PBXTargetDependency;
			target = 3860936A277B477C006AA20A /* mix-odds-calculator */;
			targetProxy = 3860937C277B477C006AA20A /* PBXContainerItemProxy */;
		};
		38609387277B477D006AA20A /* PBXTargetDependency */ = {
			isa = PBXTargetDependency;
			target = 3860936A277B477C006AA20A /* mix-odds-calculator */;
			targetProxy = 38609386277B477D006AA20A /* PBXContainerItemProxy */;
		};
/* End PBXTargetDependency section */

/* Begin XCBuildConfiguration section */
		3860938D277B477D006AA20A /* Debug */ = {
			isa = XCBuildConfiguration;
			buildSettings = {
				ALWAYS_SEARCH_USER_PATHS = NO;
				CLANG_ANALYZER_NONNULL = YES;
				CLANG_ANALYZER_NUMBER_OBJECT_CONVERSION = YES_AGGRESSIVE;
				CLANG_CXX_LANGUAGE_STANDARD = "gnu++17";
				CLANG_CXX_LIBRARY = "libc++";
				CLANG_ENABLE_MODULES = YES;
				CLANG_ENABLE_OBJC_ARC = YES;
				CLANG_ENABLE_OBJC_WEAK = YES;
				CLANG_WARN_BLOCK_CAPTURE_AUTORELEASING = YES;
				CLANG_WARN_BOOL_CONVERSION = YES;
				CLANG_WARN_COMMA = YES;
				CLANG_WARN_CONSTANT_CONVERSION = YES;
				CLANG_WARN_DEPRECATED_OBJC_IMPLEMENTATIONS = YES;
				CLANG_WARN_DIRECT_OBJC_ISA_USAGE = YES_ERROR;
				CLANG_WARN_DOCUMENTATION_COMMENTS = YES;
				CLANG_WARN_EMPTY_BODY = YES;
				CLANG_WARN_ENUM_CONVERSION = YES;
				CLANG_WARN_INFINITE_RECURSION = YES;
				CLANG_WARN_INT_CONVERSION = YES;
				CLANG_WARN_NON_LITERAL_NULL_CONVERSION = YES;
				CLANG_WARN_OBJC_IMPLICIT_RETAIN_SELF = YES;
				CLANG_WARN_OBJC_LITERAL_CONVERSION = YES;
				CLANG_WARN_OBJC_ROOT_CLASS = YES_ERROR;
				CLANG_WARN_QUOTED_INCLUDE_IN_FRAMEWORK_HEADER = YES;
				CLANG_WARN_RANGE_LOOP_ANALYSIS = YES;
				CLANG_WARN_STRICT_PROTOTYPES = YES;
				CLANG_WARN_SUSPICIOUS_MOVE = YES;
				CLANG_WARN_UNGUARDED_AVAILABILITY = YES_AGGRESSIVE;
				CLANG_WARN_UNREACHABLE_CODE = YES;
				CLANG_WARN__DUPLICATE_METHOD_MATCH = YES;
				COPY_PHASE_STRIP = NO;
				DEBUG_INFORMATION_FORMAT = dwarf;
				ENABLE_STRICT_OBJC_MSGSEND = YES;
				ENABLE_TESTABILITY = YES;
				GCC_C_LANGUAGE_STANDARD = gnu11;
				GCC_DYNAMIC_NO_PIC = NO;
				GCC_NO_COMMON_BLOCKS = YES;
				GCC_OPTIMIZATION_LEVEL = 0;
				GCC_PREPROCESSOR_DEFINITIONS = (
					"DEBUG=1",
					"$(inherited)",
				);
				GCC_WARN_64_TO_32_BIT_CONVERSION = YES;
				GCC_WARN_ABOUT_RETURN_TYPE = YES_ERROR;
				GCC_WARN_UNDECLARED_SELECTOR = YES;
				GCC_WARN_UNINITIALIZED_AUTOS = YES_AGGRESSIVE;
				GCC_WARN_UNUSED_FUNCTION = YES;
				GCC_WARN_UNUSED_VARIABLE = YES;
				IPHONEOS_DEPLOYMENT_TARGET = 15.0;
				MTL_ENABLE_DEBUG_INFO = INCLUDE_SOURCE;
				MTL_FAST_MATH = YES;
				ONLY_ACTIVE_ARCH = YES;
				SDKROOT = iphoneos;
				SWIFT_ACTIVE_COMPILATION_CONDITIONS = DEBUG;
				SWIFT_OPTIMIZATION_LEVEL = "-Onone";
			};
			name = Debug;
		};
		3860938E277B477D006AA20A /* Release */ = {
			isa = XCBuildConfiguration;
			buildSettings = {
				ALWAYS_SEARCH_USER_PATHS = NO;
				CLANG_ANALYZER_NONNULL = YES;
				CLANG_ANALYZER_NUMBER_OBJECT_CONVERSION = YES_AGGRESSIVE;
				CLANG_CXX_LANGUAGE_STANDARD = "gnu++17";
				CLANG_CXX_LIBRARY = "libc++";
				CLANG_ENABLE_MODULES = YES;
				CLANG_ENABLE_OBJC_ARC = YES;
				CLANG_ENABLE_OBJC_WEAK = YES;
				CLANG_WARN_BLOCK_CAPTURE_AUTORELEASING = YES;
				CLANG_WARN_BOOL_CONVERSION = YES;
				CLANG_WARN_COMMA = YES;
				CLANG_WARN_CONSTANT_CONVERSION = YES;
				CLANG_WARN_DEPRECATED_OBJC_IMPLEMENTATIONS = YES;
				CLANG_WARN_DIRECT_OBJC_ISA_USAGE = YES_ERROR;
				CLANG_WARN_DOCUMENTATION_COMMENTS = YES;
				CLANG_WARN_EMPTY_BODY = YES;
				CLANG_WARN_ENUM_CONVERSION = YES;
				CLANG_WARN_INFINITE_RECURSION = YES;
				CLANG_WARN_INT_CONVERSION = YES;
				CLANG_WARN_NON_LITERAL_NULL_CONVERSION = YES;
				CLANG_WARN_OBJC_IMPLICIT_RETAIN_SELF = YES;
				CLANG_WARN_OBJC_LITERAL_CONVERSION = YES;
				CLANG_WARN_OBJC_ROOT_CLASS = YES_ERROR;
				CLANG_WARN_QUOTED_INCLUDE_IN_FRAMEWORK_HEADER = YES;
				CLANG_WARN_RANGE_LOOP_ANALYSIS = YES;
				CLANG_WARN_STRICT_PROTOTYPES = YES;
				CLANG_WARN_SUSPICIOUS_MOVE = YES;
				CLANG_WARN_UNGUARDED_AVAILABILITY = YES_AGGRESSIVE;
				CLANG_WARN_UNREACHABLE_CODE = YES;
				CLANG_WARN__DUPLICATE_METHOD_MATCH = YES;
				COPY_PHASE_STRIP = NO;
				DEBUG_INFORMATION_FORMAT = "dwarf-with-dsym";
				ENABLE_NS_ASSERTIONS = NO;
				ENABLE_STRICT_OBJC_MSGSEND = YES;
				GCC_C_LANGUAGE_STANDARD = gnu11;
				GCC_NO_COMMON_BLOCKS = YES;
				GCC_WARN_64_TO_32_BIT_CONVERSION = YES;
				GCC_WARN_ABOUT_RETURN_TYPE = YES_ERROR;
				GCC_WARN_UNDECLARED_SELECTOR = YES;
				GCC_WARN_UNINITIALIZED_AUTOS = YES_AGGRESSIVE;
				GCC_WARN_UNUSED_FUNCTION = YES;
				GCC_WARN_UNUSED_VARIABLE = YES;
				IPHONEOS_DEPLOYMENT_TARGET = 15.0;
				MTL_ENABLE_DEBUG_INFO = NO;
				MTL_FAST_MATH = YES;
				SDKROOT = iphoneos;
				SWIFT_COMPILATION_MODE = wholemodule;
				SWIFT_OPTIMIZATION_LEVEL = "-O";
				VALIDATE_PRODUCT = YES;
			};
			name = Release;
		};
		38609390277B477D006AA20A /* Debug */ = {
			isa = XCBuildConfiguration;
			buildSettings = {
				ASSETCATALOG_COMPILER_APPICON_NAME = AppIcon;
				ASSETCATALOG_COMPILER_GLOBAL_ACCENT_COLOR_NAME = AccentColor;
				CODE_SIGN_STYLE = Automatic;
				CURRENT_PROJECT_VERSION = 1;
				DEVELOPMENT_ASSET_PATHS = "\"mix-odds-calculator/Preview Content\"";
				DEVELOPMENT_TEAM = JGK2N3TT62;
				ENABLE_PREVIEWS = YES;
				GENERATE_INFOPLIST_FILE = YES;
				INFOPLIST_KEY_UIApplicationSceneManifest_Generation = YES;
				INFOPLIST_KEY_UIApplicationSupportsIndirectInputEvents = YES;
				INFOPLIST_KEY_UILaunchScreen_Generation = YES;
				INFOPLIST_KEY_UISupportedInterfaceOrientations_iPad = "UIInterfaceOrientationPortrait UIInterfaceOrientationPortraitUpsideDown UIInterfaceOrientationLandscapeLeft UIInterfaceOrientationLandscapeRight";
				INFOPLIST_KEY_UISupportedInterfaceOrientations_iPhone = "UIInterfaceOrientationPortrait UIInterfaceOrientationLandscapeLeft UIInterfaceOrientationLandscapeRight";
				LD_RUNPATH_SEARCH_PATHS = (
					"$(inherited)",
					"@executable_path/Frameworks",
				);
				MARKETING_VERSION = 1.0;
				PRODUCT_BUNDLE_IDENTIFIER = "com.tsubosaka.mix-odds-calculator";
				PRODUCT_NAME = "$(TARGET_NAME)";
				SWIFT_EMIT_LOC_STRINGS = YES;
				SWIFT_VERSION = 5.0;
				TARGETED_DEVICE_FAMILY = "1,2";
			};
			name = Debug;
		};
		38609391277B477D006AA20A /* Release */ = {
			isa = XCBuildConfiguration;
			buildSettings = {
				ASSETCATALOG_COMPILER_APPICON_NAME = AppIcon;
				ASSETCATALOG_COMPILER_GLOBAL_ACCENT_COLOR_NAME = AccentColor;
				CODE_SIGN_STYLE = Automatic;
				CURRENT_PROJECT_VERSION = 1;
				DEVELOPMENT_ASSET_PATHS = "\"mix-odds-calculator/Preview Content\"";
				DEVELOPMENT_TEAM = JGK2N3TT62;
				ENABLE_PREVIEWS = YES;
				GENERATE_INFOPLIST_FILE = YES;
				INFOPLIST_KEY_UIApplicationSceneManifest_Generation = YES;
				INFOPLIST_KEY_UIApplicationSupportsIndirectInputEvents = YES;
				INFOPLIST_KEY_UILaunchScreen_Generation = YES;
				INFOPLIST_KEY_UISupportedInterfaceOrientations_iPad = "UIInterfaceOrientationPortrait UIInterfaceOrientationPortraitUpsideDown UIInterfaceOrientationLandscapeLeft UIInterfaceOrientationLandscapeRight";
				INFOPLIST_KEY_UISupportedInterfaceOrientations_iPhone = "UIInterfaceOrientationPortrait UIInterfaceOrientationLandscapeLeft UIInterfaceOrientationLandscapeRight";
				LD_RUNPATH_SEARCH_PATHS = (
					"$(inherited)",
					"@executable_path/Frameworks",
				);
				MARKETING_VERSION = 1.0;
				PRODUCT_BUNDLE_IDENTIFIER = "com.tsubosaka.mix-odds-calculator";
				PRODUCT_NAME = "$(TARGET_NAME)";
				SWIFT_EMIT_LOC_STRINGS = YES;
				SWIFT_VERSION = 5.0;
				TARGETED_DEVICE_FAMILY = "1,2";
			};
			name = Release;
		};
		38609393277B477D006AA20A /* Debug */ = {
			isa = XCBuildConfiguration;
			buildSettings = {
				ALWAYS_EMBED_SWIFT_STANDARD_LIBRARIES = YES;
				BUNDLE_LOADER = "$(TEST_HOST)";
				CODE_SIGN_STYLE = Automatic;
				CURRENT_PROJECT_VERSION = 1;
				GENERATE_INFOPLIST_FILE = YES;
				IPHONEOS_DEPLOYMENT_TARGET = 15.0;
				LD_RUNPATH_SEARCH_PATHS = (
					"$(inherited)",
					"@executable_path/Frameworks",
					"@loader_path/Frameworks",
				);
				MARKETING_VERSION = 1.0;
				PRODUCT_BUNDLE_IDENTIFIER = "com.tsubosaka.mix-odds-calculatorTests";
				PRODUCT_NAME = "$(TARGET_NAME)";
				SWIFT_EMIT_LOC_STRINGS = NO;
				SWIFT_VERSION = 5.0;
				TARGETED_DEVICE_FAMILY = "1,2";
				TEST_HOST = "$(BUILT_PRODUCTS_DIR)/mix-odds-calculator.app/mix-odds-calculator";
			};
			name = Debug;
		};
		38609394277B477D006AA20A /* Release */ = {
			isa = XCBuildConfiguration;
			buildSettings = {
				ALWAYS_EMBED_SWIFT_STANDARD_LIBRARIES = YES;
				BUNDLE_LOADER = "$(TEST_HOST)";
				CODE_SIGN_STYLE = Automatic;
				CURRENT_PROJECT_VERSION = 1;
				GENERATE_INFOPLIST_FILE = YES;
				IPHONEOS_DEPLOYMENT_TARGET = 15.0;
				LD_RUNPATH_SEARCH_PATHS = (
					"$(inherited)",
					"@executable_path/Frameworks",
					"@loader_path/Frameworks",
				);
				MARKETING_VERSION = 1.0;
				PRODUCT_BUNDLE_IDENTIFIER = "com.tsubosaka.mix-odds-calculatorTests";
				PRODUCT_NAME = "$(TARGET_NAME)";
				SWIFT_EMIT_LOC_STRINGS = NO;
				SWIFT_VERSION = 5.0;
				TARGETED_DEVICE_FAMILY = "1,2";
				TEST_HOST = "$(BUILT_PRODUCTS_DIR)/mix-odds-calculator.app/mix-odds-calculator";
			};
			name = Release;
		};
		38609396277B477D006AA20A /* Debug */ = {
			isa = XCBuildConfiguration;
			buildSettings = {
				ALWAYS_EMBED_SWIFT_STANDARD_LIBRARIES = YES;
				CODE_SIGN_STYLE = Automatic;
				CURRENT_PROJECT_VERSION = 1;
				GENERATE_INFOPLIST_FILE = YES;
				LD_RUNPATH_SEARCH_PATHS = (
					"$(inherited)",
					"@executable_path/Frameworks",
					"@loader_path/Frameworks",
				);
				MARKETING_VERSION = 1.0;
				PRODUCT_BUNDLE_IDENTIFIER = "com.tsubosaka.mix-odds-calculatorUITests";
				PRODUCT_NAME = "$(TARGET_NAME)";
				SWIFT_EMIT_LOC_STRINGS = NO;
				SWIFT_VERSION = 5.0;
				TARGETED_DEVICE_FAMILY = "1,2";
				TEST_TARGET_NAME = "mix-odds-calculator";
			};
			name = Debug;
		};
		38609397277B477D006AA20A /* Release */ = {
			isa = XCBuildConfiguration;
			buildSettings = {
				ALWAYS_EMBED_SWIFT_STANDARD_LIBRARIES = YES;
				CODE_SIGN_STYLE = Automatic;
				CURRENT_PROJECT_VERSION = 1;
				GENERATE_INFOPLIST_FILE = YES;
				LD_RUNPATH_SEARCH_PATHS = (
					"$(inherited)",
					"@executable_path/Frameworks",
					"@loader_path/Frameworks",
				);
				MARKETING_VERSION = 1.0;
				PRODUCT_BUNDLE_IDENTIFIER = "com.tsubosaka.mix-odds-calculatorUITests";
				PRODUCT_NAME = "$(TARGET_NAME)";
				SWIFT_EMIT_LOC_STRINGS = NO;
				SWIFT_VERSION = 5.0;
				TARGETED_DEVICE_FAMILY = "1,2";
				TEST_TARGET_NAME = "mix-odds-calculator";
			};
			name = Release;
		};
/* End XCBuildConfiguration section */

/* Begin XCConfigurationList section */
		38609366277B477C006AA20A /* Build configuration list for PBXProject "mix-odds-calculator" */ = {
			isa = XCConfigurationList;
			buildConfigurations = (
				3860938D277B477D006AA20A /* Debug */,
				3860938E277B477D006AA20A /* Release */,
			);
			defaultConfigurationIsVisible = 0;
			defaultConfigurationName = Release;
		};
		3860938F277B477D006AA20A /* Build configuration list for PBXNativeTarget "mix-odds-calculator" */ = {
			isa = XCConfigurationList;
			buildConfigurations = (
				38609390277B477D006AA20A /* Debug */,
				38609391277B477D006AA20A /* Release */,
			);
			defaultConfigurationIsVisible = 0;
			defaultConfigurationName = Release;
		};
		38609392277B477D006AA20A /* Build configuration list for PBXNativeTarget "mix-odds-calculatorTests" */ = {
			isa = XCConfigurationList;
			buildConfigurations = (
				38609393277B477D006AA20A /* Debug */,
				38609394277B477D006AA20A /* Release */,
			);
			defaultConfigurationIsVisible = 0;
			defaultConfigurationName = Release;
		};
		38609395277B477D006AA20A /* Build configuration list for PBXNativeTarget "mix-odds-calculatorUITests" */ = {
			isa = XCConfigurationList;
			buildConfigurations = (
				38609396277B477D006AA20A /* Debug */,
				38609397277B477D006AA20A /* Release */,
			);
			defaultConfigurationIsVisible = 0;
			defaultConfigurationName = Release;
		};
/* End XCConfigurationList section */

/* Begin XCRemoteSwiftPackageReference section */
		386093A2277DE34F006AA20A /* XCRemoteSwiftPackageReference "swift-algorithms" */ = {
			isa = XCRemoteSwiftPackageReference;
			repositoryURL = "https://github.com/apple/swift-algorithms.git";
			requirement = {
				kind = upToNextMajorVersion;
				minimumVersion = 1.0.0;
			};
		};
/* End XCRemoteSwiftPackageReference section */

/* Begin XCSwiftPackageProductDependency section */
		386093A3277DE34F006AA20A /* Algorithms */ = {
			isa = XCSwiftPackageProductDependency;
			package = 386093A2277DE34F006AA20A /* XCRemoteSwiftPackageReference "swift-algorithms" */;
			productName = Algorithms;
		};
/* End XCSwiftPackageProductDependency section */
	};
	rootObject = 38609363277B477C006AA20A /* Project object */;
}
